
Microsoft Visual Studio Solution File, Format Version 12.00
# Visual Studio Version 17
VisualStudioVersion = 17.2.32516.85
MinimumVisualStudioVersion = 10.0.40219.1
Project("{FAE04EC0-301F-11D3-BF4B-00C04F79EFBC}") = "BloxityApp", "BloxityApp\BloxityApp.csproj", "{E473FA4D-E5C0-4EC9-AFC8-771F8D34E105}"
EndProject
Global
	GlobalSection(SolutionConfigurationPlatforms) = preSolution
		Debug|Any CPU = Debug|Any CPU
		Release|Any CPU = Release|Any CPU
	EndGlobalSection
	GlobalSection(ProjectConfigurationPlatforms) = postSolution
		{E473FA4D-E5C0-4EC9-AFC8-771F8D34E105}.Debug|Any CPU.ActiveCfg = Debug|Any CPU
		{E473FA4D-E5C0-4EC9-AFC8-771F8D34E105}.Debug|Any CPU.Build.0 = Debug|Any CPU
		{E473FA4D-E5C0-4EC9-AFC8-771F8D34E105}.Release|Any CPU.ActiveCfg = Release|Any CPU
		{E473FA4D-E5C0-4EC9-AFC8-771F8D34E105}.Release|Any CPU.Build.0 = Release|Any CPU
	EndGlobalSection
	GlobalSection(SolutionProperties) = preSolution
		HideSolutionNode = FALSE
	EndGlobalSection
	GlobalSection(ExtensibilityGlobals) = postSolution
		SolutionGuid = {F84A3691-F03E-4A54-AC86-4AF96C594D7B}
	EndGlobalSection
EndGlobal
